// !$*UTF8*$!
{
	archiveVersion = 1;
	classes = {
	};
	objectVersion = 55;
	objects = {

/* Begin PBXBuildFile section */
		3261360B275CEA5100D73D54 /* SecondVC.swift in Sources */ = {isa = PBXBuildFile; fileRef = 32613607275CEA5100D73D54 /* SecondVC.swift */; };
		3261360C275CEA5100D73D54 /* HelpersVC1.swift in Sources */ = {isa = PBXBuildFile; fileRef = 32613608275CEA5100D73D54 /* HelpersVC1.swift */; };
		3261360D275CEA5100D73D54 /* HelpersVC2.swift in Sources */ = {isa = PBXBuildFile; fileRef = 32613609275CEA5100D73D54 /* HelpersVC2.swift */; };
		3261360E275CEA5100D73D54 /* FirstVC.swift in Sources */ = {isa = PBXBuildFile; fileRef = 3261360A275CEA5100D73D54 /* FirstVC.swift */; };
		32F70AD9275CE63D00E8302E /* AppDelegate.swift in Sources */ = {isa = PBXBuildFile; fileRef = 32F70AD8275CE63D00E8302E /* AppDelegate.swift */; };
		32F70ADB275CE63D00E8302E /* SceneDelegate.swift in Sources */ = {isa = PBXBuildFile; fileRef = 32F70ADA275CE63D00E8302E /* SceneDelegate.swift */; };
		32F70AE0275CE63D00E8302E /* Main.storyboard in Resources */ = {isa = PBXBuildFile; fileRef = 32F70ADE275CE63D00E8302E /* Main.storyboard */; };
		32F70AE2275CE63E00E8302E /* Assets.xcassets in Resources */ = {isa = PBXBuildFile; fileRef = 32F70AE1275CE63E00E8302E /* Assets.xcassets */; };
		32F70AE5275CE63E00E8302E /* LaunchScreen.storyboard in Resources */ = {isa = PBXBuildFile; fileRef = 32F70AE3275CE63E00E8302E /* LaunchScreen.storyboard */; };
		32F70B08275CE70600E8302E /* ReenieBeanie-Regular.ttf in Resources */ = {isa = PBXBuildFile; fileRef = 32F70B06275CE70600E8302E /* ReenieBeanie-Regular.ttf */; };
		32F70B09275CE70600E8302E /* SFCompactDisplay-Regular.ttf in Resources */ = {isa = PBXBuildFile; fileRef = 32F70B07275CE70600E8302E /* SFCompactDisplay-Regular.ttf */; };
		4AA70D5F275D82D900C33717 /* SF-Compact-Rounded-Bold.otf in Resources */ = {isa = PBXBuildFile; fileRef = 4AA70D5E275D82D900C33717 /* SF-Compact-Rounded-Bold.otf */; };
/* End PBXBuildFile section */

/* Begin PBXFileReference section */
		32613607275CEA5100D73D54 /* SecondVC.swift */ = {isa = PBXFileReference; fileEncoding = 4; lastKnownFileType = sourcecode.swift; path = SecondVC.swift; sourceTree = "<group>"; };
		32613608275CEA5100D73D54 /* HelpersVC1.swift */ = {isa = PBXFileReference; fileEncoding = 4; lastKnownFileType = sourcecode.swift; path = HelpersVC1.swift; sourceTree = "<group>"; };
		32613609275CEA5100D73D54 /* HelpersVC2.swift */ = {isa = PBXFileReference; fileEncoding = 4; lastKnownFileType = sourcecode.swift; path = HelpersVC2.swift; sourceTree = "<group>"; };
		3261360A275CEA5100D73D54 /* FirstVC.swift */ = {isa = PBXFileReference; fileEncoding = 4; lastKnownFileType = sourcecode.swift; path = FirstVC.swift; sourceTree = "<group>"; };
		32F70AD5275CE63D00E8302E /* EggCoockingApp.app */ = {isa = PBXFileReference; explicitFileType = wrapper.application; includeInIndex = 0; path = EggCoockingApp.app; sourceTree = BUILT_PRODUCTS_DIR; };
		32F70AD8275CE63D00E8302E /* AppDelegate.swift */ = {isa = PBXFileReference; lastKnownFileType = sourcecode.swift; path = AppDelegate.swift; sourceTree = "<group>"; };
		32F70ADA275CE63D00E8302E /* SceneDelegate.swift */ = {isa = PBXFileReference; lastKnownFileType = sourcecode.swift; path = SceneDelegate.swift; sourceTree = "<group>"; };
		32F70ADF275CE63D00E8302E /* Base */ = {isa = PBXFileReference; lastKnownFileType = file.storyboard; name = Base; path = Base.lproj/Main.storyboard; sourceTree = "<group>"; };
		32F70AE1275CE63E00E8302E /* Assets.xcassets */ = {isa = PBXFileReference; lastKnownFileType = folder.assetcatalog; path = Assets.xcassets; sourceTree = "<group>"; };
		32F70AE4275CE63E00E8302E /* Base */ = {isa = PBXFileReference; lastKnownFileType = file.storyboard; name = Base; path = Base.lproj/LaunchScreen.storyboard; sourceTree = "<group>"; };
		32F70AE6275CE63E00E8302E /* Info.plist */ = {isa = PBXFileReference; lastKnownFileType = text.plist.xml; path = Info.plist; sourceTree = "<group>"; };
		32F70B06275CE70600E8302E /* ReenieBeanie-Regular.ttf */ = {isa = PBXFileReference; lastKnownFileType = file; path = "ReenieBeanie-Regular.ttf"; sourceTree = "<group>"; };
		32F70B07275CE70600E8302E /* SFCompactDisplay-Regular.ttf */ = {isa = PBXFileReference; lastKnownFileType = file; path = "SFCompactDisplay-Regular.ttf"; sourceTree = "<group>"; };
		4AA70D5E275D82D900C33717 /* SF-Compact-Rounded-Bold.otf */ = {isa = PBXFileReference; lastKnownFileType = file; path = "SF-Compact-Rounded-Bold.otf"; sourceTree = "<group>"; };
/* End PBXFileReference section */

/* Begin PBXFrameworksBuildPhase section */
		32F70AD2275CE63D00E8302E /* Frameworks */ = {
			isa = PBXFrameworksBuildPhase;
			buildActionMask = 2147483647;
			files = (
			);
			runOnlyForDeploymentPostprocessing = 0;
		};
/* End PBXFrameworksBuildPhase section */

/* Begin PBXGroup section */
		2D13023A275E20510093D82C /* Buttons */ = {
			isa = PBXGroup;
			children = (
			);
			path = Buttons;
			sourceTree = "<group>";
		};
		2D13023B275E205D0093D82C /* Views */ = {
			isa = PBXGroup;
			children = (
			);
			path = Views;
			sourceTree = "<group>";
		};
		32613606275CEA5100D73D54 /* SecondVC */ = {
			isa = PBXGroup;
			children = (
				32613607275CEA5100D73D54 /* SecondVC.swift */,
				2D13023B275E205D0093D82C /* Views */,
				2D13023A275E20510093D82C /* Buttons */,
			);
			path = SecondVC;
			sourceTree = "<group>";
		};
		3261360F275CEADC00D73D54 /* Helpers */ = {
			isa = PBXGroup;
			children = (
				32613608275CEA5100D73D54 /* HelpersVC1.swift */,
				32613609275CEA5100D73D54 /* HelpersVC2.swift */,
			);
			path = Helpers;
			sourceTree = "<group>";
		};
		32613610275CEAF700D73D54 /* FirstVC */ = {
			isa = PBXGroup;
			children = (
				3261360A275CEA5100D73D54 /* FirstVC.swift */,
			);
			path = FirstVC;
			sourceTree = "<group>";
		};
		32F70ACC275CE63D00E8302E = {
			isa = PBXGroup;
			children = (
				32F70AD7275CE63D00E8302E /* EggCoockingApp */,
				32F70AD6275CE63D00E8302E /* Products */,
			);
			sourceTree = "<group>";
		};
		32F70AD6275CE63D00E8302E /* Products */ = {
			isa = PBXGroup;
			children = (
				32F70AD5275CE63D00E8302E /* EggCoockingApp.app */,
			);
			name = Products;
			sourceTree = "<group>";
		};
		32F70AD7275CE63D00E8302E /* EggCoockingApp */ = {
			isa = PBXGroup;
			children = (
				32F70AD8275CE63D00E8302E /* AppDelegate.swift */,
				32F70ADA275CE63D00E8302E /* SceneDelegate.swift */,
				32613610275CEAF700D73D54 /* FirstVC */,
				3261360F275CEADC00D73D54 /* Helpers */,
				32613606275CEA5100D73D54 /* SecondVC */,
				32F70AE1275CE63E00E8302E /* Assets.xcassets */,
				32F70AE6275CE63E00E8302E /* Info.plist */,
				32F70B05275CE6F500E8302E /* Resources */,
			);
			path = EggCoockingApp;
			sourceTree = "<group>";
		};
		32F70B05275CE6F500E8302E /* Resources */ = {
			isa = PBXGroup;
			children = (
				32F70ADE275CE63D00E8302E /* Main.storyboard */,
				32F70AE3275CE63E00E8302E /* LaunchScreen.storyboard */,
				32F70B06275CE70600E8302E /* ReenieBeanie-Regular.ttf */,
				32F70B07275CE70600E8302E /* SFCompactDisplay-Regular.ttf */,
				4AA70D5E275D82D900C33717 /* SF-Compact-Rounded-Bold.otf */,
			);
			path = Resources;
			sourceTree = "<group>";
		};
/* End PBXGroup section */

/* Begin PBXNativeTarget section */
		32F70AD4275CE63D00E8302E /* EggCoockingApp */ = {
			isa = PBXNativeTarget;
			buildConfigurationList = 32F70AE9275CE63E00E8302E /* Build configuration list for PBXNativeTarget "EggCoockingApp" */;
			buildPhases = (
				32F70AD1275CE63D00E8302E /* Sources */,
				32F70AD2275CE63D00E8302E /* Frameworks */,
				32F70AD3275CE63D00E8302E /* Resources */,
			);
			buildRules = (
			);
			dependencies = (
			);
			name = EggCoockingApp;
			productName = EggCoockingApp;
			productReference = 32F70AD5275CE63D00E8302E /* EggCoockingApp.app */;
			productType = "com.apple.product-type.application";
		};
/* End PBXNativeTarget section */

/* Begin PBXProject section */
		32F70ACD275CE63D00E8302E /* Project object */ = {
			isa = PBXProject;
			attributes = {
				BuildIndependentTargetsInParallel = 1;
				LastSwiftUpdateCheck = 1310;
				LastUpgradeCheck = 1310;
				TargetAttributes = {
					32F70AD4275CE63D00E8302E = {
						CreatedOnToolsVersion = 13.1;
					};
				};
			};
			buildConfigurationList = 32F70AD0275CE63D00E8302E /* Build configuration list for PBXProject "EggCoockingApp" */;
			compatibilityVersion = "Xcode 13.0";
			developmentRegion = en;
			hasScannedForEncodings = 0;
			knownRegions = (
				en,
				Base,
			);
			mainGroup = 32F70ACC275CE63D00E8302E;
			productRefGroup = 32F70AD6275CE63D00E8302E /* Products */;
			projectDirPath = "";
			projectRoot = "";
			targets = (
				32F70AD4275CE63D00E8302E /* EggCoockingApp */,
			);
		};
/* End PBXProject section */

/* Begin PBXResourcesBuildPhase section */
		32F70AD3275CE63D00E8302E /* Resources */ = {
			isa = PBXResourcesBuildPhase;
			buildActionMask = 2147483647;
			files = (
				32F70AE5275CE63E00E8302E /* LaunchScreen.storyboard in Resources */,
				32F70B09275CE70600E8302E /* SFCompactDisplay-Regular.ttf in Resources */,
				32F70AE2275CE63E00E8302E /* Assets.xcassets in Resources */,
				4AA70D5F275D82D900C33717 /* SF-Compact-Rounded-Bold.otf in Resources */,
				32F70AE0275CE63D00E8302E /* Main.storyboard in Resources */,
				32F70B08275CE70600E8302E /* ReenieBeanie-Regular.ttf in Resources */,
			);
			runOnlyForDeploymentPostprocessing = 0;
		};
/* End PBXResourcesBuildPhase section */

/* Begin PBXSourcesBuildPhase section */
		32F70AD1275CE63D00E8302E /* Sources */ = {
			isa = PBXSourcesBuildPhase;
			buildActionMask = 2147483647;
			files = (
				3261360C275CEA5100D73D54 /* HelpersVC1.swift in Sources */,
				3261360D275CEA5100D73D54 /* HelpersVC2.swift in Sources */,
				3261360E275CEA5100D73D54 /* FirstVC.swift in Sources */,
				32F70AD9275CE63D00E8302E /* AppDelegate.swift in Sources */,
				3261360B275CEA5100D73D54 /* SecondVC.swift in Sources */,
				32F70ADB275CE63D00E8302E /* SceneDelegate.swift in Sources */,
			);
			runOnlyForDeploymentPostprocessing = 0;
		};
/* End PBXSourcesBuildPhase section */

/* Begin PBXVariantGroup section */
		32F70ADE275CE63D00E8302E /* Main.storyboard */ = {
			isa = PBXVariantGroup;
			children = (
				32F70ADF275CE63D00E8302E /* Base */,
			);
			name = Main.storyboard;
			sourceTree = "<group>";
		};
		32F70AE3275CE63E00E8302E /* LaunchScreen.storyboard */ = {
			isa = PBXVariantGroup;
			children = (
				32F70AE4275CE63E00E8302E /* Base */,
			);
			name = LaunchScreen.storyboard;
			sourceTree = "<group>";
		};
/* End PBXVariantGroup section */

/* Begin XCBuildConfiguration section */
		32F70AE7275CE63E00E8302E /* Debug */ = {
			isa = XCBuildConfiguration;
			buildSettings = {
				ALWAYS_SEARCH_USER_PATHS = NO;
				CLANG_ANALYZER_NONNULL = YES;
				CLANG_ANALYZER_NUMBER_OBJECT_CONVERSION = YES_AGGRESSIVE;
				CLANG_CXX_LANGUAGE_STANDARD = "gnu++17";
				CLANG_CXX_LIBRARY = "libc++";
				CLANG_ENABLE_MODULES = YES;
				CLANG_ENABLE_OBJC_ARC = YES;
				CLANG_ENABLE_OBJC_WEAK = YES;
				CLANG_WARN_BLOCK_CAPTURE_AUTORELEASING = YES;
				CLANG_WARN_BOOL_CONVERSION = YES;
				CLANG_WARN_COMMA = YES;
				CLANG_WARN_CONSTANT_CONVERSION = YES;
				CLANG_WARN_DEPRECATED_OBJC_IMPLEMENTATIONS = YES;
				CLANG_WARN_DIRECT_OBJC_ISA_USAGE = YES_ERROR;
				CLANG_WARN_DOCUMENTATION_COMMENTS = YES;
				CLANG_WARN_EMPTY_BODY = YES;
				CLANG_WARN_ENUM_CONVERSION = YES;
				CLANG_WARN_INFINITE_RECURSION = YES;
				CLANG_WARN_INT_CONVERSION = YES;
				CLANG_WARN_NON_LITERAL_NULL_CONVERSION = YES;
				CLANG_WARN_OBJC_IMPLICIT_RETAIN_SELF = YES;
				CLANG_WARN_OBJC_LITERAL_CONVERSION = YES;
				CLANG_WARN_OBJC_ROOT_CLASS = YES_ERROR;
				CLANG_WARN_QUOTED_INCLUDE_IN_FRAMEWORK_HEADER = YES;
				CLANG_WARN_RANGE_LOOP_ANALYSIS = YES;
				CLANG_WARN_STRICT_PROTOTYPES = YES;
				CLANG_WARN_SUSPICIOUS_MOVE = YES;
				CLANG_WARN_UNGUARDED_AVAILABILITY = YES_AGGRESSIVE;
				CLANG_WARN_UNREACHABLE_CODE = YES;
				CLANG_WARN__DUPLICATE_METHOD_MATCH = YES;
				COPY_PHASE_STRIP = NO;
				DEBUG_INFORMATION_FORMAT = dwarf;
				ENABLE_STRICT_OBJC_MSGSEND = YES;
				ENABLE_TESTABILITY = YES;
				GCC_C_LANGUAGE_STANDARD = gnu11;
				GCC_DYNAMIC_NO_PIC = NO;
				GCC_NO_COMMON_BLOCKS = YES;
				GCC_OPTIMIZATION_LEVEL = 0;
				GCC_PREPROCESSOR_DEFINITIONS = (
					"DEBUG=1",
					"$(inherited)",
				);
				GCC_WARN_64_TO_32_BIT_CONVERSION = YES;
				GCC_WARN_ABOUT_RETURN_TYPE = YES_ERROR;
				GCC_WARN_UNDECLARED_SELECTOR = YES;
				GCC_WARN_UNINITIALIZED_AUTOS = YES_AGGRESSIVE;
				GCC_WARN_UNUSED_FUNCTION = YES;
				GCC_WARN_UNUSED_VARIABLE = YES;
				IPHONEOS_DEPLOYMENT_TARGET = 15.0;
				MTL_ENABLE_DEBUG_INFO = INCLUDE_SOURCE;
				MTL_FAST_MATH = YES;
				ONLY_ACTIVE_ARCH = YES;
				SDKROOT = iphoneos;
				SWIFT_ACTIVE_COMPILATION_CONDITIONS = DEBUG;
				SWIFT_OPTIMIZATION_LEVEL = "-Onone";
			};
			name = Debug;
		};
		32F70AE8275CE63E00E8302E /* Release */ = {
			isa = XCBuildConfiguration;
			buildSettings = {
				ALWAYS_SEARCH_USER_PATHS = NO;
				CLANG_ANALYZER_NONNULL = YES;
				CLANG_ANALYZER_NUMBER_OBJECT_CONVERSION = YES_AGGRESSIVE;
				CLANG_CXX_LANGUAGE_STANDARD = "gnu++17";
				CLANG_CXX_LIBRARY = "libc++";
				CLANG_ENABLE_MODULES = YES;
				CLANG_ENABLE_OBJC_ARC = YES;
				CLANG_ENABLE_OBJC_WEAK = YES;
				CLANG_WARN_BLOCK_CAPTURE_AUTORELEASING = YES;
				CLANG_WARN_BOOL_CONVERSION = YES;
				CLANG_WARN_COMMA = YES;
				CLANG_WARN_CONSTANT_CONVERSION = YES;
				CLANG_WARN_DEPRECATED_OBJC_IMPLEMENTATIONS = YES;
				CLANG_WARN_DIRECT_OBJC_ISA_USAGE = YES_ERROR;
				CLANG_WARN_DOCUMENTATION_COMMENTS = YES;
				CLANG_WARN_EMPTY_BODY = YES;
				CLANG_WARN_ENUM_CONVERSION = YES;
				CLANG_WARN_INFINITE_RECURSION = YES;
				CLANG_WARN_INT_CONVERSION = YES;
				CLANG_WARN_NON_LITERAL_NULL_CONVERSION = YES;
				CLANG_WARN_OBJC_IMPLICIT_RETAIN_SELF = YES;
				CLANG_WARN_OBJC_LITERAL_CONVERSION = YES;
				CLANG_WARN_OBJC_ROOT_CLASS = YES_ERROR;
				CLANG_WARN_QUOTED_INCLUDE_IN_FRAMEWORK_HEADER = YES;
				CLANG_WARN_RANGE_LOOP_ANALYSIS = YES;
				CLANG_WARN_STRICT_PROTOTYPES = YES;
				CLANG_WARN_SUSPICIOUS_MOVE = YES;
				CLANG_WARN_UNGUARDED_AVAILABILITY = YES_AGGRESSIVE;
				CLANG_WARN_UNREACHABLE_CODE = YES;
				CLANG_WARN__DUPLICATE_METHOD_MATCH = YES;
				COPY_PHASE_STRIP = NO;
				DEBUG_INFORMATION_FORMAT = "dwarf-with-dsym";
				ENABLE_NS_ASSERTIONS = NO;
				ENABLE_STRICT_OBJC_MSGSEND = YES;
				GCC_C_LANGUAGE_STANDARD = gnu11;
				GCC_NO_COMMON_BLOCKS = YES;
				GCC_WARN_64_TO_32_BIT_CONVERSION = YES;
				GCC_WARN_ABOUT_RETURN_TYPE = YES_ERROR;
				GCC_WARN_UNDECLARED_SELECTOR = YES;
				GCC_WARN_UNINITIALIZED_AUTOS = YES_AGGRESSIVE;
				GCC_WARN_UNUSED_FUNCTION = YES;
				GCC_WARN_UNUSED_VARIABLE = YES;
				IPHONEOS_DEPLOYMENT_TARGET = 15.0;
				MTL_ENABLE_DEBUG_INFO = NO;
				MTL_FAST_MATH = YES;
				SDKROOT = iphoneos;
				SWIFT_COMPILATION_MODE = wholemodule;
				SWIFT_OPTIMIZATION_LEVEL = "-O";
				VALIDATE_PRODUCT = YES;
			};
			name = Release;
		};
		32F70AEA275CE63E00E8302E /* Debug */ = {
			isa = XCBuildConfiguration;
			buildSettings = {
				ASSETCATALOG_COMPILER_APPICON_NAME = AppIcon;
				ASSETCATALOG_COMPILER_GLOBAL_ACCENT_COLOR_NAME = AccentColor;
				CODE_SIGN_STYLE = Automatic;
				CURRENT_PROJECT_VERSION = 1;
				GENERATE_INFOPLIST_FILE = YES;
				INFOPLIST_FILE = EggCoockingApp/Info.plist;
				INFOPLIST_KEY_UIApplicationSupportsIndirectInputEvents = YES;
				INFOPLIST_KEY_UILaunchStoryboardName = LaunchScreen;
				INFOPLIST_KEY_UIMainStoryboardFile = Main;
				INFOPLIST_KEY_UISupportedInterfaceOrientations_iPad = "UIInterfaceOrientationPortrait UIInterfaceOrientationPortraitUpsideDown UIInterfaceOrientationLandscapeLeft UIInterfaceOrientationLandscapeRight";
				INFOPLIST_KEY_UISupportedInterfaceOrientations_iPhone = "UIInterfaceOrientationPortrait UIInterfaceOrientationLandscapeLeft UIInterfaceOrientationLandscapeRight";
				LD_RUNPATH_SEARCH_PATHS = (
					"$(inherited)",
					"@executable_path/Frameworks",
				);
				MARKETING_VERSION = 1.0;
				PRODUCT_BUNDLE_IDENTIFIER = com.igor.EggCoockingApp;
				PRODUCT_NAME = "$(TARGET_NAME)";
				SWIFT_EMIT_LOC_STRINGS = YES;
				SWIFT_VERSION = 5.0;
				TARGETED_DEVICE_FAMILY = "1,2";
			};
			name = Debug;
		};
		32F70AEB275CE63E00E8302E /* Release */ = {
			isa = XCBuildConfiguration;
			buildSettings = {
				ASSETCATALOG_COMPILER_APPICON_NAME = AppIcon;
				ASSETCATALOG_COMPILER_GLOBAL_ACCENT_COLOR_NAME = AccentColor;
				CODE_SIGN_STYLE = Automatic;
				CURRENT_PROJECT_VERSION = 1;
				GENERATE_INFOPLIST_FILE = YES;
				INFOPLIST_FILE = EggCoockingApp/Info.plist;
				INFOPLIST_KEY_UIApplicationSupportsIndirectInputEvents = YES;
				INFOPLIST_KEY_UILaunchStoryboardName = LaunchScreen;
				INFOPLIST_KEY_UIMainStoryboardFile = Main;
				INFOPLIST_KEY_UISupportedInterfaceOrientations_iPad = "UIInterfaceOrientationPortrait UIInterfaceOrientationPortraitUpsideDown UIInterfaceOrientationLandscapeLeft UIInterfaceOrientationLandscapeRight";
				INFOPLIST_KEY_UISupportedInterfaceOrientations_iPhone = "UIInterfaceOrientationPortrait UIInterfaceOrientationLandscapeLeft UIInterfaceOrientationLandscapeRight";
				LD_RUNPATH_SEARCH_PATHS = (
					"$(inherited)",
					"@executable_path/Frameworks",
				);
				MARKETING_VERSION = 1.0;
				PRODUCT_BUNDLE_IDENTIFIER = com.igor.EggCoockingApp;
				PRODUCT_NAME = "$(TARGET_NAME)";
				SWIFT_EMIT_LOC_STRINGS = YES;
				SWIFT_VERSION = 5.0;
				TARGETED_DEVICE_FAMILY = "1,2";
			};
			name = Release;
		};
/* End XCBuildConfiguration section */

/* Begin XCConfigurationList section */
		32F70AD0275CE63D00E8302E /* Build configuration list for PBXProject "EggCoockingApp" */ = {
			isa = XCConfigurationList;
			buildConfigurations = (
				32F70AE7275CE63E00E8302E /* Debug */,
				32F70AE8275CE63E00E8302E /* Release */,
			);
			defaultConfigurationIsVisible = 0;
			defaultConfigurationName = Release;
		};
		32F70AE9275CE63E00E8302E /* Build configuration list for PBXNativeTarget "EggCoockingApp" */ = {
			isa = XCConfigurationList;
			buildConfigurations = (
				32F70AEA275CE63E00E8302E /* Debug */,
				32F70AEB275CE63E00E8302E /* Release */,
			);
			defaultConfigurationIsVisible = 0;
			defaultConfigurationName = Release;
		};
/* End XCConfigurationList section */
	};
	rootObject = 32F70ACD275CE63D00E8302E /* Project object */;
}
